{
  "name": "tune-robots-to-learn.github.io",
  "version": "1.0.0",
  "lockfileVersion": 3,
  "requires": true,
  "packages": {
    "": {
      "name": "tune-robots-to-learn.github.io",
      "version": "1.0.0",
      "license": "ISC",
      "dependencies": {
        "mujoco-js": "^0.0.7"
      }
    },
    "node_modules/mujoco-js": {
      "version": "0.0.7",
      "resolved": "https://registry.npmjs.org/mujoco-js/-/mujoco-js-0.0.7.tgz",
      "integrity": "sha512-MXCudYo+QCncFEQVxDy9GjELOGRNKsSucKpHgz9hNeRSWXP01xhtZr5GNvY30Rvs/mtfV/jPb3uIsiYXPJ2V2g==",
      "license": "Apache-2.0"
    }
  }
}
